
Microsoft Visual Studio Solution File, Format Version 12.00
# Visual Studio Version 17
VisualStudioVersion = 17.14.36119.2
MinimumVisualStudioVersion = 10.0.40219.1
Project("{FAE04EC0-301F-11D3-BF4B-00C04F79EFBC}") = "Domain", "Domain\Domain.csproj", "{C73EB5E3-0AD9-4EE3-89EB-42B0B6F52911}"
EndProject
Project("{FAE04EC0-301F-11D3-BF4B-00C04F79EFBC}") = "Infrastructure", "Infrastructure\Infrastructure.csproj", "{5D3FE5D7-7613-4B62-83AB-39B0882FEE29}"
EndProject
Project("{FAE04EC0-301F-11D3-BF4B-00C04F79EFBC}") = "Application", "Application\Application.csproj", "{F80C4E72-27A0-12B5-0634-DD5C11CFB0C1}"
EndProject
Project("{FAE04EC0-301F-11D3-BF4B-00C04F79EFBC}") = "TP_Restaurante", "TP_Restaurante\TP_Restaurante.csproj", "{29F1453F-CEE4-03C7-7F4A-33741CB4C97D}"
EndProject
Global
	GlobalSection(SolutionConfigurationPlatforms) = preSolution
		Debug|Any CPU = Debug|Any CPU
		Release|Any CPU = Release|Any CPU
	EndGlobalSection
	GlobalSection(ProjectConfigurationPlatforms) = postSolution
		{C73EB5E3-0AD9-4EE3-89EB-42B0B6F52911}.Debug|Any CPU.ActiveCfg = Debug|Any CPU
		{C73EB5E3-0AD9-4EE3-89EB-42B0B6F52911}.Debug|Any CPU.Build.0 = Debug|Any CPU
		{C73EB5E3-0AD9-4EE3-89EB-42B0B6F52911}.Release|Any CPU.ActiveCfg = Release|Any CPU
		{C73EB5E3-0AD9-4EE3-89EB-42B0B6F52911}.Release|Any CPU.Build.0 = Release|Any CPU
		{5D3FE5D7-7613-4B62-83AB-39B0882FEE29}.Debug|Any CPU.ActiveCfg = Debug|Any CPU
		{5D3FE5D7-7613-4B62-83AB-39B0882FEE29}.Debug|Any CPU.Build.0 = Debug|Any CPU
		{5D3FE5D7-7613-4B62-83AB-39B0882FEE29}.Release|Any CPU.ActiveCfg = Release|Any CPU
		{5D3FE5D7-7613-4B62-83AB-39B0882FEE29}.Release|Any CPU.Build.0 = Release|Any CPU
		{F80C4E72-27A0-12B5-0634-DD5C11CFB0C1}.Debug|Any CPU.ActiveCfg = Debug|Any CPU
		{F80C4E72-27A0-12B5-0634-DD5C11CFB0C1}.Debug|Any CPU.Build.0 = Debug|Any CPU
		{F80C4E72-27A0-12B5-0634-DD5C11CFB0C1}.Release|Any CPU.ActiveCfg = Release|Any CPU
		{F80C4E72-27A0-12B5-0634-DD5C11CFB0C1}.Release|Any CPU.Build.0 = Release|Any CPU
		{29F1453F-CEE4-03C7-7F4A-33741CB4C97D}.Debug|Any CPU.ActiveCfg = Debug|Any CPU
		{29F1453F-CEE4-03C7-7F4A-33741CB4C97D}.Debug|Any CPU.Build.0 = Debug|Any CPU
		{29F1453F-CEE4-03C7-7F4A-33741CB4C97D}.Release|Any CPU.ActiveCfg = Release|Any CPU
		{29F1453F-CEE4-03C7-7F4A-33741CB4C97D}.Release|Any CPU.Build.0 = Release|Any CPU
	EndGlobalSection
	GlobalSection(SolutionProperties) = preSolution
		HideSolutionNode = FALSE
	EndGlobalSection
	GlobalSection(ExtensibilityGlobals) = postSolution
		SolutionGuid = {2106C5E0-FDAC-4C6B-BF01-75DF42393B34}
	EndGlobalSection
EndGlobal
